
Microsoft Visual Studio Solution File, Format Version 12.00
# Visual Studio Version 17
VisualStudioVersion = 17.1.32414.318
MinimumVisualStudioVersion = 10.0.40219.1
Project("{FAE04EC0-301F-11D3-BF4B-00C04F79EFBC}") = "Books", "Books\Books.csproj", "{65CD8311-8B5A-402D-9A14-699E71E1058B}"
EndProject
Global
	GlobalSection(SolutionConfigurationPlatforms) = preSolution
		Debug|Any CPU = Debug|Any CPU
		Release|Any CPU = Release|Any CPU
	EndGlobalSection
	GlobalSection(ProjectConfigurationPlatforms) = postSolution
		{65CD8311-8B5A-402D-9A14-699E71E1058B}.Debug|Any CPU.ActiveCfg = Debug|Any CPU
		{65CD8311-8B5A-402D-9A14-699E71E1058B}.Debug|Any CPU.Build.0 = Debug|Any CPU
		{65CD8311-8B5A-402D-9A14-699E71E1058B}.Release|Any CPU.ActiveCfg = Release|Any CPU
		{65CD8311-8B5A-402D-9A14-699E71E1058B}.Release|Any CPU.Build.0 = Release|Any CPU
	EndGlobalSection
	GlobalSection(SolutionProperties) = preSolution
		HideSolutionNode = FALSE
	EndGlobalSection
	GlobalSection(ExtensibilityGlobals) = postSolution
		SolutionGuid = {DF7946B4-A40C-435A-817D-96E18C06E441}
	EndGlobalSection
EndGlobal
